
Microsoft Visual Studio Solution File, Format Version 12.00
# Visual Studio Version 16
VisualStudioVersion = 16.0.29215.179
MinimumVisualStudioVersion = 10.0.40219.1
Project("{9A19103F-16F7-4668-BE54-9A1E7A4F7556}") = "Exercicio2", "Exercicio2\Exercicio2.csproj", "{C1A6AC91-8C1B-45A1-AC34-C4AE23868E4B}"
EndProject
Project("{FAE04EC0-301F-11D3-BF4B-00C04F79EFBC}") = "Exercicio4", "Exercicio4\Exercicio4.csproj", "{2F752502-3B49-4A7F-8F6F-0EDA23033EBA}"
EndProject
Global
	GlobalSection(SolutionConfigurationPlatforms) = preSolution
		Debug|Any CPU = Debug|Any CPU
		Release|Any CPU = Release|Any CPU
	EndGlobalSection
	GlobalSection(ProjectConfigurationPlatforms) = postSolution
		{C1A6AC91-8C1B-45A1-AC34-C4AE23868E4B}.Debug|Any CPU.ActiveCfg = Debug|Any CPU
		{C1A6AC91-8C1B-45A1-AC34-C4AE23868E4B}.Debug|Any CPU.Build.0 = Debug|Any CPU
		{C1A6AC91-8C1B-45A1-AC34-C4AE23868E4B}.Release|Any CPU.ActiveCfg = Release|Any CPU
		{C1A6AC91-8C1B-45A1-AC34-C4AE23868E4B}.Release|Any CPU.Build.0 = Release|Any CPU
		{2F752502-3B49-4A7F-8F6F-0EDA23033EBA}.Debug|Any CPU.ActiveCfg = Debug|Any CPU
		{2F752502-3B49-4A7F-8F6F-0EDA23033EBA}.Debug|Any CPU.Build.0 = Debug|Any CPU
		{2F752502-3B49-4A7F-8F6F-0EDA23033EBA}.Release|Any CPU.ActiveCfg = Release|Any CPU
		{2F752502-3B49-4A7F-8F6F-0EDA23033EBA}.Release|Any CPU.Build.0 = Release|Any CPU
	EndGlobalSection
	GlobalSection(SolutionProperties) = preSolution
		HideSolutionNode = FALSE
	EndGlobalSection
	GlobalSection(ExtensibilityGlobals) = postSolution
		SolutionGuid = {6AAFB75A-D215-4668-9EC1-2549107BE577}
	EndGlobalSection
EndGlobal
